
Microsoft Visual Studio Solution File, Format Version 12.00
# Visual Studio 15
VisualStudioVersion = 15.0.33026.149
MinimumVisualStudioVersion = 10.0.40219.1
Project("{FAE04EC0-301F-11D3-BF4B-00C04F79EFBC}") = "PiechartandBargraph", "PiechartandBargraph\PiechartandBargraph.csproj", "{A0138B9A-7F47-4975-99BB-19A17DBAC50B}"
EndProject
Global
	GlobalSection(SolutionConfigurationPlatforms) = preSolution
		Debug|Any CPU = Debug|Any CPU
		Release|Any CPU = Release|Any CPU
	EndGlobalSection
	GlobalSection(ProjectConfigurationPlatforms) = postSolution
		{A0138B9A-7F47-4975-99BB-19A17DBAC50B}.Debug|Any CPU.ActiveCfg = Debug|Any CPU
		{A0138B9A-7F47-4975-99BB-19A17DBAC50B}.Debug|Any CPU.Build.0 = Debug|Any CPU
		{A0138B9A-7F47-4975-99BB-19A17DBAC50B}.Release|Any CPU.ActiveCfg = Release|Any CPU
		{A0138B9A-7F47-4975-99BB-19A17DBAC50B}.Release|Any CPU.Build.0 = Release|Any CPU
	EndGlobalSection
	GlobalSection(SolutionProperties) = preSolution
		HideSolutionNode = FALSE
	EndGlobalSection
	GlobalSection(ExtensibilityGlobals) = postSolution
		SolutionGuid = {39F3FDBF-34EB-42CF-8BD2-03FC5C3B61FA}
	EndGlobalSection
EndGlobal
